PODS:
  - paper-onboarding (4.1.0)

DEPENDENCIES:
  - paper-onboarding

SPEC REPOS:
  https://github.com/CocoaPods/Specs.git:
    - paper-onboarding

SPEC CHECKSUMS:
  paper-onboarding: 344780cbb0bfc229cd1862f5b9bba446b23c5185

PODFILE CHECKSUM: 475c0290622403970ce8e9be3d3dcd6fcee08273

COCOAPODS: 1.5.0
