// !$*UTF8*$!
{
	archiveVersion = 1;
	classes = {
	};
	objectVersion = 48;
	objects = {

/* Begin PBXBuildFile section */
		11601073A3FCD7ABA8A72B94 /* Pods_Vat_Indicator.framework in Frameworks */ = {isa = PBXBuildFile; fileRef = 6F488325A76093EA71A6E06C /* Pods_Vat_Indicator.framework */; };
		C746355FA1738FDD53AA51FF /* Pods_Vat_IndicatorTests.framework in Frameworks */ = {isa = PBXBuildFile; fileRef = 3C6E45F546CED6195F7968A8 /* Pods_Vat_IndicatorTests.framework */; };
		ED320AFB20A9ABEA004916C7 /* AppDelegate.swift in Sources */ = {isa = PBXBuildFile; fileRef = ED320AFA20A9ABEA004916C7 /* AppDelegate.swift */; };
		ED320AFD20A9ABEA004916C7 /* DemoScreenViewController.swift in Sources */ = {isa = PBXBuildFile; fileRef = ED320AFC20A9ABEA004916C7 /* DemoScreenViewController.swift */; };
		ED320B0020A9ABEA004916C7 /* Main.storyboard in Resources */ = {isa = PBXBuildFile; fileRef = ED320AFE20A9ABEA004916C7 /* Main.storyboard */; };
		ED320B0220A9ABEA004916C7 /* Assets.xcassets in Resources */ = {isa = PBXBuildFile; fileRef = ED320B0120A9ABEA004916C7 /* Assets.xcassets */; };
		ED320B0520A9ABEA004916C7 /* LaunchScreen.storyboard in Resources */ = {isa = PBXBuildFile; fileRef = ED320B0320A9ABEA004916C7 /* LaunchScreen.storyboard */; };
		ED320B1020A9ABEA004916C7 /* Vat_IndicatorTests.swift in Sources */ = {isa = PBXBuildFile; fileRef = ED320B0F20A9ABEA004916C7 /* Vat_IndicatorTests.swift */; };
		ED351C3A20AC06270078AF2E /* OnBoardingViewClass.swift in Sources */ = {isa = PBXBuildFile; fileRef = ED351C3920AC06270078AF2E /* OnBoardingViewClass.swift */; };
		ED351C3C20AC59450078AF2E /* VatListViewController.swift in Sources */ = {isa = PBXBuildFile; fileRef = ED351C3B20AC59450078AF2E /* VatListViewController.swift */; };
		EDF5AC6B20AD5BC9008C5F16 /* CollectionViewCell.swift in Sources */ = {isa = PBXBuildFile; fileRef = EDF5AC6A20AD5BC9008C5F16 /* CollectionViewCell.swift */; };
/* End PBXBuildFile section */

/* Begin PBXContainerItemProxy section */
		ED320B0C20A9ABEA004916C7 /* PBXContainerItemProxy */ = {
			isa = PBXContainerItemProxy;
			containerPortal = ED320AEF20A9ABEA004916C7 /* Project object */;
			proxyType = 1;
			remoteGlobalIDString = ED320AF620A9ABEA004916C7;
			remoteInfo = "Vat Indicator";
		};
/* End PBXContainerItemProxy section */

/* Begin PBXFileReference section */
		04751332679E77D30C819896 /* Pods-Vat IndicatorTests.release.xcconfig */ = {isa = PBXFileReference; includeInIndex = 1; lastKnownFileType = text.xcconfig; name = "Pods-Vat IndicatorTests.release.xcconfig"; path = "Pods/Target Support Files/Pods-Vat IndicatorTests/Pods-Vat IndicatorTests.release.xcconfig"; sourceTree = "<group>"; };
		067D71D9D8933549CE980028 /* Pods-Vat IndicatorTests.debug.xcconfig */ = {isa = PBXFileReference; includeInIndex = 1; lastKnownFileType = text.xcconfig; name = "Pods-Vat IndicatorTests.debug.xcconfig"; path = "Pods/Target Support Files/Pods-Vat IndicatorTests/Pods-Vat IndicatorTests.debug.xcconfig"; sourceTree = "<group>"; };
		3C6E45F546CED6195F7968A8 /* Pods_Vat_IndicatorTests.framework */ = {isa = PBXFileReference; explicitFileType = wrapper.framework; includeInIndex = 0; path = Pods_Vat_IndicatorTests.framework; sourceTree = BUILT_PRODUCTS_DIR; };
		6F488325A76093EA71A6E06C /* Pods_Vat_Indicator.framework */ = {isa = PBXFileReference; explicitFileType = wrapper.framework; includeInIndex = 0; path = Pods_Vat_Indicator.framework; sourceTree = BUILT_PRODUCTS_DIR; };
		78F4E4E9642FBAE68373C3AB /* Pods-Vat Indicator.release.xcconfig */ = {isa = PBXFileReference; includeInIndex = 1; lastKnownFileType = text.xcconfig; name = "Pods-Vat Indicator.release.xcconfig"; path = "Pods/Target Support Files/Pods-Vat Indicator/Pods-Vat Indicator.release.xcconfig"; sourceTree = "<group>"; };
		C8ED9711B06FDA8EB4E0FB05 /* Pods-Vat Indicator.debug.xcconfig */ = {isa = PBXFileReference; includeInIndex = 1; lastKnownFileType = text.xcconfig; name = "Pods-Vat Indicator.debug.xcconfig"; path = "Pods/Target Support Files/Pods-Vat Indicator/Pods-Vat Indicator.debug.xcconfig"; sourceTree = "<group>"; };
		ED320AF720A9ABEA004916C7 /* Vat Indicator.app */ = {isa = PBXFileReference; explicitFileType = wrapper.application; includeInIndex = 0; path = "Vat Indicator.app"; sourceTree = BUILT_PRODUCTS_DIR; };
		ED320AFA20A9ABEA004916C7 /* AppDelegate.swift */ = {isa = PBXFileReference; lastKnownFileType = sourcecode.swift; path = AppDelegate.swift; sourceTree = "<group>"; };
		ED320AFC20A9ABEA004916C7 /* DemoScreenViewController.swift */ = {isa = PBXFileReference; lastKnownFileType = sourcecode.swift; path = DemoScreenViewController.swift; sourceTree = "<group>"; };
		ED320AFF20A9ABEA004916C7 /* Base */ = {isa = PBXFileReference; lastKnownFileType = file.storyboard; name = Base; path = Base.lproj/Main.storyboard; sourceTree = "<group>"; };
		ED320B0120A9ABEA004916C7 /* Assets.xcassets */ = {isa = PBXFileReference; lastKnownFileType = folder.assetcatalog; path = Assets.xcassets; sourceTree = "<group>"; };
		ED320B0420A9ABEA004916C7 /* Base */ = {isa = PBXFileReference; lastKnownFileType = file.storyboard; name = Base; path = Base.lproj/LaunchScreen.storyboard; sourceTree = "<group>"; };
		ED320B0620A9ABEA004916C7 /* Info.plist */ = {isa = PBXFileReference; lastKnownFileType = text.plist.xml; path = Info.plist; sourceTree = "<group>"; };
		ED320B0B20A9ABEA004916C7 /* Vat IndicatorTests.xctest */ = {isa = PBXFileReference; explicitFileType = wrapper.cfbundle; includeInIndex = 0; path = "Vat IndicatorTests.xctest"; sourceTree = BUILT_PRODUCTS_DIR; };
		ED320B0F20A9ABEA004916C7 /* Vat_IndicatorTests.swift */ = {isa = PBXFileReference; lastKnownFileType = sourcecode.swift; path = Vat_IndicatorTests.swift; sourceTree = "<group>"; };
		ED320B1120A9ABEA004916C7 /* Info.plist */ = {isa = PBXFileReference; lastKnownFileType = text.plist.xml; path = Info.plist; sourceTree = "<group>"; };
		ED351C3920AC06270078AF2E /* OnBoardingViewClass.swift */ = {isa = PBXFileReference; lastKnownFileType = sourcecode.swift; path = OnBoardingViewClass.swift; sourceTree = "<group>"; };
		ED351C3B20AC59450078AF2E /* VatListViewController.swift */ = {isa = PBXFileReference; lastKnownFileType = sourcecode.swift; path = VatListViewController.swift; sourceTree = "<group>"; };
		EDF5AC6A20AD5BC9008C5F16 /* CollectionViewCell.swift */ = {isa = PBXFileReference; lastKnownFileType = sourcecode.swift; path = CollectionViewCell.swift; sourceTree = "<group>"; };
/* End PBXFileReference section */

/* Begin PBXFrameworksBuildPhase section */
		ED320AF420A9ABEA004916C7 /* Frameworks */ = {
			isa = PBXFrameworksBuildPhase;
			buildActionMask = 2147483647;
			files = (
				11601073A3FCD7ABA8A72B94 /* Pods_Vat_Indicator.framework in Frameworks */,
			);
			runOnlyForDeploymentPostprocessing = 0;
		};
		ED320B0820A9ABEA004916C7 /* Frameworks */ = {
			isa = PBXFrameworksBuildPhase;
			buildActionMask = 2147483647;
			files = (
				C746355FA1738FDD53AA51FF /* Pods_Vat_IndicatorTests.framework in Frameworks */,
			);
			runOnlyForDeploymentPostprocessing = 0;
		};
/* End PBXFrameworksBuildPhase section */

/* Begin PBXGroup section */
		39B6619554D8D4C305E72BE1 /* Frameworks */ = {
			isa = PBXGroup;
			children = (
				6F488325A76093EA71A6E06C /* Pods_Vat_Indicator.framework */,
				3C6E45F546CED6195F7968A8 /* Pods_Vat_IndicatorTests.framework */,
			);
			name = Frameworks;
			sourceTree = "<group>";
		};
		61B3282BE73590740D1F7E94 /* Pods */ = {
			isa = PBXGroup;
			children = (
				C8ED9711B06FDA8EB4E0FB05 /* Pods-Vat Indicator.debug.xcconfig */,
				78F4E4E9642FBAE68373C3AB /* Pods-Vat Indicator.release.xcconfig */,
				067D71D9D8933549CE980028 /* Pods-Vat IndicatorTests.debug.xcconfig */,
				04751332679E77D30C819896 /* Pods-Vat IndicatorTests.release.xcconfig */,
			);
			name = Pods;
			sourceTree = "<group>";
		};
		ED320AEE20A9ABEA004916C7 = {
			isa = PBXGroup;
			children = (
				ED320AF920A9ABEA004916C7 /* Vat Indicator */,
				ED320B0E20A9ABEA004916C7 /* Vat IndicatorTests */,
				ED320AF820A9ABEA004916C7 /* Products */,
				61B3282BE73590740D1F7E94 /* Pods */,
				39B6619554D8D4C305E72BE1 /* Frameworks */,
			);
			sourceTree = "<group>";
		};
		ED320AF820A9ABEA004916C7 /* Products */ = {
			isa = PBXGroup;
			children = (
				ED320AF720A9ABEA004916C7 /* Vat Indicator.app */,
				ED320B0B20A9ABEA004916C7 /* Vat IndicatorTests.xctest */,
			);
			name = Products;
			sourceTree = "<group>";
		};
		ED320AF920A9ABEA004916C7 /* Vat Indicator */ = {
			isa = PBXGroup;
			children = (
				ED320B1C20A9AC63004916C7 /* view */,
				ED320B1B20A9AC5B004916C7 /* model */,
				ED320B1A20A9AC49004916C7 /* controller */,
				ED320AFA20A9ABEA004916C7 /* AppDelegate.swift */,
				ED351C3B20AC59450078AF2E /* VatListViewController.swift */,
				ED320AFC20A9ABEA004916C7 /* DemoScreenViewController.swift */,
				ED320AFE20A9ABEA004916C7 /* Main.storyboard */,
				ED320B0120A9ABEA004916C7 /* Assets.xcassets */,
				ED320B0320A9ABEA004916C7 /* LaunchScreen.storyboard */,
				ED320B0620A9ABEA004916C7 /* Info.plist */,
				ED351C3920AC06270078AF2E /* OnBoardingViewClass.swift */,
				EDF5AC6A20AD5BC9008C5F16 /* CollectionViewCell.swift */,
			);
			path = "Vat Indicator";
			sourceTree = "<group>";
		};
		ED320B0E20A9ABEA004916C7 /* Vat IndicatorTests */ = {
			isa = PBXGroup;
			children = (
				ED320B0F20A9ABEA004916C7 /* Vat_IndicatorTests.swift */,
				ED320B1120A9ABEA004916C7 /* Info.plist */,
			);
			path = "Vat IndicatorTests";
			sourceTree = "<group>";
		};
		ED320B1A20A9AC49004916C7 /* controller */ = {
			isa = PBXGroup;
			children = (
			);
			path = controller;
			sourceTree = "<group>";
		};
		ED320B1B20A9AC5B004916C7 /* model */ = {
			isa = PBXGroup;
			children = (
			);
			path = model;
			sourceTree = "<group>";
		};
		ED320B1C20A9AC63004916C7 /* view */ = {
			isa = PBXGroup;
			children = (
			);
			path = view;
			sourceTree = "<group>";
		};
/* End PBXGroup section */

/* Begin PBXNativeTarget section */
		ED320AF620A9ABEA004916C7 /* Vat Indicator */ = {
			isa = PBXNativeTarget;
			buildConfigurationList = ED320B1420A9ABEA004916C7 /* Build configuration list for PBXNativeTarget "Vat Indicator" */;
			buildPhases = (
				3F817CEB8272B65EA453C974 /* [CP] Check Pods Manifest.lock */,
				ED320AF320A9ABEA004916C7 /* Sources */,
				ED320AF420A9ABEA004916C7 /* Frameworks */,
				ED320AF520A9ABEA004916C7 /* Resources */,
				AE3D72848F19BEA92D662807 /* [CP] Embed Pods Frameworks */,
			);
			buildRules = (
			);
			dependencies = (
			);
			name = "Vat Indicator";
			productName = "Vat Indicator";
			productReference = ED320AF720A9ABEA004916C7 /* Vat Indicator.app */;
			productType = "com.apple.product-type.application";
		};
		ED320B0A20A9ABEA004916C7 /* Vat IndicatorTests */ = {
			isa = PBXNativeTarget;
			buildConfigurationList = ED320B1720A9ABEA004916C7 /* Build configuration list for PBXNativeTarget "Vat IndicatorTests" */;
			buildPhases = (
				CE963A48851CB3738921A2A8 /* [CP] Check Pods Manifest.lock */,
				ED320B0720A9ABEA004916C7 /* Sources */,
				ED320B0820A9ABEA004916C7 /* Frameworks */,
				ED320B0920A9ABEA004916C7 /* Resources */,
			);
			buildRules = (
			);
			dependencies = (
				ED320B0D20A9ABEA004916C7 /* PBXTargetDependency */,
			);
			name = "Vat IndicatorTests";
			productName = "Vat IndicatorTests";
			productReference = ED320B0B20A9ABEA004916C7 /* Vat IndicatorTests.xctest */;
			productType = "com.apple.product-type.bundle.unit-test";
		};
/* End PBXNativeTarget section */

/* Begin PBXProject section */
		ED320AEF20A9ABEA004916C7 /* Project object */ = {
			isa = PBXProject;
			attributes = {
				LastSwiftUpdateCheck = 0920;
				LastUpgradeCheck = 0920;
				ORGANIZATIONNAME = dvt;
				TargetAttributes = {
					ED320AF620A9ABEA004916C7 = {
						CreatedOnToolsVersion = 9.2;
						ProvisioningStyle = Automatic;
					};
					ED320B0A20A9ABEA004916C7 = {
						CreatedOnToolsVersion = 9.2;
						ProvisioningStyle = Automatic;
						TestTargetID = ED320AF620A9ABEA004916C7;
					};
				};
			};
			buildConfigurationList = ED320AF220A9ABEA004916C7 /* Build configuration list for PBXProject "Vat Indicator" */;
			compatibilityVersion = "Xcode 8.0";
			developmentRegion = en;
			hasScannedForEncodings = 0;
			knownRegions = (
				en,
				Base,
			);
			mainGroup = ED320AEE20A9ABEA004916C7;
			productRefGroup = ED320AF820A9ABEA004916C7 /* Products */;
			projectDirPath = "";
			projectRoot = "";
			targets = (
				ED320AF620A9ABEA004916C7 /* Vat Indicator */,
				ED320B0A20A9ABEA004916C7 /* Vat IndicatorTests */,
			);
		};
/* End PBXProject section */

/* Begin PBXResourcesBuildPhase section */
		ED320AF520A9ABEA004916C7 /* Resources */ = {
			isa = PBXResourcesBuildPhase;
			buildActionMask = 2147483647;
			files = (
				ED320B0520A9ABEA004916C7 /* LaunchScreen.storyboard in Resources */,
				ED320B0220A9ABEA004916C7 /* Assets.xcassets in Resources */,
				ED320B0020A9ABEA004916C7 /* Main.storyboard in Resources */,
			);
			runOnlyForDeploymentPostprocessing = 0;
		};
		ED320B0920A9ABEA004916C7 /* Resources */ = {
			isa = PBXResourcesBuildPhase;
			buildActionMask = 2147483647;
			files = (
			);
			runOnlyForDeploymentPostprocessing = 0;
		};
/* End PBXResourcesBuildPhase section */

/* Begin PBXShellScriptBuildPhase section */
		3F817CEB8272B65EA453C974 /* [CP] Check Pods Manifest.lock */ = {
			isa = PBXShellScriptBuildPhase;
			buildActionMask = 2147483647;
			files = (
			);
			inputPaths = (
				"${PODS_PODFILE_DIR_PATH}/Podfile.lock",
				"${PODS_ROOT}/Manifest.lock",
			);
			name = "[CP] Check Pods Manifest.lock";
			outputPaths = (
				"$(DERIVED_FILE_DIR)/Pods-Vat Indicator-checkManifestLockResult.txt",
			);
			runOnlyForDeploymentPostprocessing = 0;
			shellPath = /bin/sh;
			shellScript = "diff \"${PODS_PODFILE_DIR_PATH}/Podfile.lock\" \"${PODS_ROOT}/Manifest.lock\" > /dev/null\nif [ $? != 0 ] ; then\n    # print error to STDERR\n    echo \"error: The sandbox is not in sync with the Podfile.lock. Run 'pod install' or update your CocoaPods installation.\" >&2\n    exit 1\nfi\n# This output is used by Xcode 'outputs' to avoid re-running this script phase.\necho \"SUCCESS\" > \"${SCRIPT_OUTPUT_FILE_0}\"\n";
			showEnvVarsInLog = 0;
		};
		AE3D72848F19BEA92D662807 /* [CP] Embed Pods Frameworks */ = {
			isa = PBXShellScriptBuildPhase;
			buildActionMask = 2147483647;
			files = (
			);
			inputPaths = (
				"${SRCROOT}/Pods/Target Support Files/Pods-Vat Indicator/Pods-Vat Indicator-frameworks.sh",
				"${BUILT_PRODUCTS_DIR}/Alamofire/Alamofire.framework",
				"${BUILT_PRODUCTS_DIR}/SwiftyJSON/SwiftyJSON.framework",
				"${BUILT_PRODUCTS_DIR}/paper-onboarding/paper_onboarding.framework",
			);
			name = "[CP] Embed Pods Frameworks";
			outputPaths = (
				"${TARGET_BUILD_DIR}/${FRAMEWORKS_FOLDER_PATH}/Alamofire.framework",
				"${TARGET_BUILD_DIR}/${FRAMEWORKS_FOLDER_PATH}/SwiftyJSON.framework",
				"${TARGET_BUILD_DIR}/${FRAMEWORKS_FOLDER_PATH}/paper_onboarding.framework",
			);
			runOnlyForDeploymentPostprocessing = 0;
			shellPath = /bin/sh;
			shellScript = "\"${SRCROOT}/Pods/Target Support Files/Pods-Vat Indicator/Pods-Vat Indicator-frameworks.sh\"\n";
			showEnvVarsInLog = 0;
		};
		CE963A48851CB3738921A2A8 /* [CP] Check Pods Manifest.lock */ = {
			isa = PBXShellScriptBuildPhase;
			buildActionMask = 2147483647;
			files = (
			);
			inputPaths = (
				"${PODS_PODFILE_DIR_PATH}/Podfile.lock",
				"${PODS_ROOT}/Manifest.lock",
			);
			name = "[CP] Check Pods Manifest.lock";
			outputPaths = (
				"$(DERIVED_FILE_DIR)/Pods-Vat IndicatorTests-checkManifestLockResult.txt",
			);
			runOnlyForDeploymentPostprocessing = 0;
			shellPath = /bin/sh;
			shellScript = "diff \"${PODS_PODFILE_DIR_PATH}/Podfile.lock\" \"${PODS_ROOT}/Manifest.lock\" > /dev/null\nif [ $? != 0 ] ; then\n    # print error to STDERR\n    echo \"error: The sandbox is not in sync with the Podfile.lock. Run 'pod install' or update your CocoaPods installation.\" >&2\n    exit 1\nfi\n# This output is used by Xcode 'outputs' to avoid re-running this script phase.\necho \"SUCCESS\" > \"${SCRIPT_OUTPUT_FILE_0}\"\n";
			showEnvVarsInLog = 0;
		};
/* End PBXShellScriptBuildPhase section */

/* Begin PBXSourcesBuildPhase section */
		ED320AF320A9ABEA004916C7 /* Sources */ = {
			isa = PBXSourcesBuildPhase;
			buildActionMask = 2147483647;
			files = (
				EDF5AC6B20AD5BC9008C5F16 /* CollectionViewCell.swift in Sources */,
				ED351C3C20AC59450078AF2E /* VatListViewController.swift in Sources */,
				ED320AFD20A9ABEA004916C7 /* DemoScreenViewController.swift in Sources */,
				ED320AFB20A9ABEA004916C7 /* AppDelegate.swift in Sources */,
				ED351C3A20AC06270078AF2E /* OnBoardingViewClass.swift in Sources */,
			);
			runOnlyForDeploymentPostprocessing = 0;
		};
		ED320B0720A9ABEA004916C7 /* Sources */ = {
			isa = PBXSourcesBuildPhase;
			buildActionMask = 2147483647;
			files = (
				ED320B1020A9ABEA004916C7 /* Vat_IndicatorTests.swift in Sources */,
			);
			runOnlyForDeploymentPostprocessing = 0;
		};
/* End PBXSourcesBuildPhase section */

/* Begin PBXTargetDependency section */
		ED320B0D20A9ABEA004916C7 /* PBXTargetDependency */ = {
			isa = PBXTargetDependency;
			target = ED320AF620A9ABEA004916C7 /* Vat Indicator */;
			targetProxy = ED320B0C20A9ABEA004916C7 /* PBXContainerItemProxy */;
		};
/* End PBXTargetDependency section */

/* Begin PBXVariantGroup section */
		ED320AFE20A9ABEA004916C7 /* Main.storyboard */ = {
			isa = PBXVariantGroup;
			children = (
				ED320AFF20A9ABEA004916C7 /* Base */,
			);
			name = Main.storyboard;
			sourceTree = "<group>";
		};
		ED320B0320A9ABEA004916C7 /* LaunchScreen.storyboard */ = {
			isa = PBXVariantGroup;
			children = (
				ED320B0420A9ABEA004916C7 /* Base */,
			);
			name = LaunchScreen.storyboard;
			sourceTree = "<group>";
		};
/* End PBXVariantGroup section */

/* Begin XCBuildConfiguration section */
		ED320B1220A9ABEA004916C7 /* Debug */ = {
			isa = XCBuildConfiguration;
			buildSettings = {
				ALWAYS_SEARCH_USER_PATHS = NO;
				CLANG_ANALYZER_NONNULL = YES;
				CLANG_ANALYZER_NUMBER_OBJECT_CONVERSION = YES_AGGRESSIVE;
				CLANG_CXX_LANGUAGE_STANDARD = "gnu++14";
				CLANG_CXX_LIBRARY = "libc++";
				CLANG_ENABLE_MODULES = YES;
				CLANG_ENABLE_OBJC_ARC = YES;
				CLANG_WARN_BLOCK_CAPTURE_AUTORELEASING = YES;
				CLANG_WARN_BOOL_CONVERSION = YES;
				CLANG_WARN_COMMA = YES;
				CLANG_WARN_CONSTANT_CONVERSION = YES;
				CLANG_WARN_DIRECT_OBJC_ISA_USAGE = YES_ERROR;
				CLANG_WARN_DOCUMENTATION_COMMENTS = YES;
				CLANG_WARN_EMPTY_BODY = YES;
				CLANG_WARN_ENUM_CONVERSION = YES;
				CLANG_WARN_INFINITE_RECURSION = YES;
				CLANG_WARN_INT_CONVERSION = YES;
				CLANG_WARN_NON_LITERAL_NULL_CONVERSION = YES;
				CLANG_WARN_OBJC_LITERAL_CONVERSION = YES;
				CLANG_WARN_OBJC_ROOT_CLASS = YES_ERROR;
				CLANG_WARN_RANGE_LOOP_ANALYSIS = YES;
				CLANG_WARN_STRICT_PROTOTYPES = YES;
				CLANG_WARN_SUSPICIOUS_MOVE = YES;
				CLANG_WARN_UNGUARDED_AVAILABILITY = YES_AGGRESSIVE;
				CLANG_WARN_UNREACHABLE_CODE = YES;
				CLANG_WARN__DUPLICATE_METHOD_MATCH = YES;
				CODE_SIGN_IDENTITY = "iPhone Developer";
				COPY_PHASE_STRIP = NO;
				DEBUG_INFORMATION_FORMAT = dwarf;
				ENABLE_STRICT_OBJC_MSGSEND = YES;
				ENABLE_TESTABILITY = YES;
				GCC_C_LANGUAGE_STANDARD = gnu11;
				GCC_DYNAMIC_NO_PIC = NO;
				GCC_NO_COMMON_BLOCKS = YES;
				GCC_OPTIMIZATION_LEVEL = 0;
				GCC_PREPROCESSOR_DEFINITIONS = (
					"DEBUG=1",
					"$(inherited)",
				);
				GCC_WARN_64_TO_32_BIT_CONVERSION = YES;
				GCC_WARN_ABOUT_RETURN_TYPE = YES_ERROR;
				GCC_WARN_UNDECLARED_SELECTOR = YES;
				GCC_WARN_UNINITIALIZED_AUTOS = YES_AGGRESSIVE;
				GCC_WARN_UNUSED_FUNCTION = YES;
				GCC_WARN_UNUSED_VARIABLE = YES;
				IPHONEOS_DEPLOYMENT_TARGET = 11.2;
				MTL_ENABLE_DEBUG_INFO = YES;
				ONLY_ACTIVE_ARCH = YES;
				SDKROOT = iphoneos;
				SWIFT_ACTIVE_COMPILATION_CONDITIONS = DEBUG;
				SWIFT_OPTIMIZATION_LEVEL = "-Onone";
			};
			name = Debug;
		};
		ED320B1320A9ABEA004916C7 /* Release */ = {
			isa = XCBuildConfiguration;
			buildSettings = {
				ALWAYS_SEARCH_USER_PATHS = NO;
				CLANG_ANALYZER_NONNULL = YES;
				CLANG_ANALYZER_NUMBER_OBJECT_CONVERSION = YES_AGGRESSIVE;
				CLANG_CXX_LANGUAGE_STANDARD = "gnu++14";
				CLANG_CXX_LIBRARY = "libc++";
				CLANG_ENABLE_MODULES = YES;
				CLANG_ENABLE_OBJC_ARC = YES;
				CLANG_WARN_BLOCK_CAPTURE_AUTORELEASING = YES;
				CLANG_WARN_BOOL_CONVERSION = YES;
				CLANG_WARN_COMMA = YES;
				CLANG_WARN_CONSTANT_CONVERSION = YES;
				CLANG_WARN_DIRECT_OBJC_ISA_USAGE = YES_ERROR;
				CLANG_WARN_DOCUMENTATION_COMMENTS = YES;
				CLANG_WARN_EMPTY_BODY = YES;
				CLANG_WARN_ENUM_CONVERSION = YES;
				CLANG_WARN_INFINITE_RECURSION = YES;
				CLANG_WARN_INT_CONVERSION = YES;
				CLANG_WARN_NON_LITERAL_NULL_CONVERSION = YES;
				CLANG_WARN_OBJC_LITERAL_CONVERSION = YES;
				CLANG_WARN_OBJC_ROOT_CLASS = YES_ERROR;
				CLANG_WARN_RANGE_LOOP_ANALYSIS = YES;
				CLANG_WARN_STRICT_PROTOTYPES = YES;
				CLANG_WARN_SUSPICIOUS_MOVE = YES;
				CLANG_WARN_UNGUARDED_AVAILABILITY = YES_AGGRESSIVE;
				CLANG_WARN_UNREACHABLE_CODE = YES;
				CLANG_WARN__DUPLICATE_METHOD_MATCH = YES;
				CODE_SIGN_IDENTITY = "iPhone Developer";
				COPY_PHASE_STRIP = NO;
				DEBUG_INFORMATION_FORMAT = "dwarf-with-dsym";
				ENABLE_NS_ASSERTIONS = NO;
				ENABLE_STRICT_OBJC_MSGSEND = YES;
				GCC_C_LANGUAGE_STANDARD = gnu11;
				GCC_NO_COMMON_BLOCKS = YES;
				GCC_WARN_64_TO_32_BIT_CONVERSION = YES;
				GCC_WARN_ABOUT_RETURN_TYPE = YES_ERROR;
				GCC_WARN_UNDECLARED_SELECTOR = YES;
				GCC_WARN_UNINITIALIZED_AUTOS = YES_AGGRESSIVE;
				GCC_WARN_UNUSED_FUNCTION = YES;
				GCC_WARN_UNUSED_VARIABLE = YES;
				IPHONEOS_DEPLOYMENT_TARGET = 11.2;
				MTL_ENABLE_DEBUG_INFO = NO;
				SDKROOT = iphoneos;
				SWIFT_OPTIMIZATION_LEVEL = "-Owholemodule";
				VALIDATE_PRODUCT = YES;
			};
			name = Release;
		};
		ED320B1520A9ABEA004916C7 /* Debug */ = {
			isa = XCBuildConfiguration;
			baseConfigurationReference = C8ED9711B06FDA8EB4E0FB05 /* Pods-Vat Indicator.debug.xcconfig */;
			buildSettings = {
				ASSETCATALOG_COMPILER_APPICON_NAME = AppIcon;
				CODE_SIGN_STYLE = Automatic;
				DEVELOPMENT_TEAM = J9RKK7Y365;
				INFOPLIST_FILE = "Vat Indicator/Info.plist";
				LD_RUNPATH_SEARCH_PATHS = "$(inherited) @executable_path/Frameworks";
				PRODUCT_BUNDLE_IDENTIFIER = "za.co.dvt.Vat-Indicator";
				PRODUCT_NAME = "$(TARGET_NAME)";
				SWIFT_VERSION = 4.0;
				TARGETED_DEVICE_FAMILY = 1;
			};
			name = Debug;
		};
		ED320B1620A9ABEA004916C7 /* Release */ = {
			isa = XCBuildConfiguration;
			baseConfigurationReference = 78F4E4E9642FBAE68373C3AB /* Pods-Vat Indicator.release.xcconfig */;
			buildSettings = {
				ASSETCATALOG_COMPILER_APPICON_NAME = AppIcon;
				CODE_SIGN_STYLE = Automatic;
				DEVELOPMENT_TEAM = J9RKK7Y365;
				INFOPLIST_FILE = "Vat Indicator/Info.plist";
				LD_RUNPATH_SEARCH_PATHS = "$(inherited) @executable_path/Frameworks";
				PRODUCT_BUNDLE_IDENTIFIER = "za.co.dvt.Vat-Indicator";
				PRODUCT_NAME = "$(TARGET_NAME)";
				SWIFT_VERSION = 4.0;
				TARGETED_DEVICE_FAMILY = 1;
			};
			name = Release;
		};
		ED320B1820A9ABEA004916C7 /* Debug */ = {
			isa = XCBuildConfiguration;
			baseConfigurationReference = 067D71D9D8933549CE980028 /* Pods-Vat IndicatorTests.debug.xcconfig */;
			buildSettings = {
				ALWAYS_EMBED_SWIFT_STANDARD_LIBRARIES = YES;
				BUNDLE_LOADER = "$(TEST_HOST)";
				CODE_SIGN_STYLE = Automatic;
				DEVELOPMENT_TEAM = J9RKK7Y365;
				INFOPLIST_FILE = "Vat IndicatorTests/Info.plist";
				LD_RUNPATH_SEARCH_PATHS = "$(inherited) @executable_path/Frameworks @loader_path/Frameworks";
				PRODUCT_BUNDLE_IDENTIFIER = "za.co.dvt.Vat-IndicatorTests";
				PRODUCT_NAME = "$(TARGET_NAME)";
				SWIFT_VERSION = 4.0;
				TARGETED_DEVICE_FAMILY = "1,2";
				TEST_HOST = "$(BUILT_PRODUCTS_DIR)/Vat Indicator.app/Vat Indicator";
			};
			name = Debug;
		};
		ED320B1920A9ABEA004916C7 /* Release */ = {
			isa = XCBuildConfiguration;
			baseConfigurationReference = 04751332679E77D30C819896 /* Pods-Vat IndicatorTests.release.xcconfig */;
			buildSettings = {
				ALWAYS_EMBED_SWIFT_STANDARD_LIBRARIES = YES;
				BUNDLE_LOADER = "$(TEST_HOST)";
				CODE_SIGN_STYLE = Automatic;
				DEVELOPMENT_TEAM = J9RKK7Y365;
				INFOPLIST_FILE = "Vat IndicatorTests/Info.plist";
				LD_RUNPATH_SEARCH_PATHS = "$(inherited) @executable_path/Frameworks @loader_path/Frameworks";
				PRODUCT_BUNDLE_IDENTIFIER = "za.co.dvt.Vat-IndicatorTests";
				PRODUCT_NAME = "$(TARGET_NAME)";
				SWIFT_VERSION = 4.0;
				TARGETED_DEVICE_FAMILY = "1,2";
				TEST_HOST = "$(BUILT_PRODUCTS_DIR)/Vat Indicator.app/Vat Indicator";
			};
			name = Release;
		};
/* End XCBuildConfiguration section */

/* Begin XCConfigurationList section */
		ED320AF220A9ABEA004916C7 /* Build configuration list for PBXProject "Vat Indicator" */ = {
			isa = XCConfigurationList;
			buildConfigurations = (
				ED320B1220A9ABEA004916C7 /* Debug */,
				ED320B1320A9ABEA004916C7 /* Release */,
			);
			defaultConfigurationIsVisible = 0;
			defaultConfigurationName = Release;
		};
		ED320B1420A9ABEA004916C7 /* Build configuration list for PBXNativeTarget "Vat Indicator" */ = {
			isa = XCConfigurationList;
			buildConfigurations = (
				ED320B1520A9ABEA004916C7 /* Debug */,
				ED320B1620A9ABEA004916C7 /* Release */,
			);
			defaultConfigurationIsVisible = 0;
			defaultConfigurationName = Release;
		};
		ED320B1720A9ABEA004916C7 /* Build configuration list for PBXNativeTarget "Vat IndicatorTests" */ = {
			isa = XCConfigurationList;
			buildConfigurations = (
				ED320B1820A9ABEA004916C7 /* Debug */,
				ED320B1920A9ABEA004916C7 /* Release */,
			);
			defaultConfigurationIsVisible = 0;
			defaultConfigurationName = Release;
		};
/* End XCConfigurationList section */
	};
	rootObject = ED320AEF20A9ABEA004916C7 /* Project object */;
}
